
Microsoft Visual Studio Solution File, Format Version 12.00
# Visual Studio Version 17
VisualStudioVersion = 17.3.32922.545
MinimumVisualStudioVersion = 10.0.40219.1
Project("{FAE04EC0-301F-11D3-BF4B-00C04F79EFBC}") = "Balaie Cristian-Vlad PROJECT", "Balaie Cristian-Vlad PROJECT.csproj", "{5847CD80-64CF-46CF-A364-7FDEB04B2AC1}"
EndProject
Global
	GlobalSection(SolutionConfigurationPlatforms) = preSolution
		Debug|Any CPU = Debug|Any CPU
		Release|Any CPU = Release|Any CPU
	EndGlobalSection
	GlobalSection(ProjectConfigurationPlatforms) = postSolution
		{5847CD80-64CF-46CF-A364-7FDEB04B2AC1}.Debug|Any CPU.ActiveCfg = Debug|Any CPU
		{5847CD80-64CF-46CF-A364-7FDEB04B2AC1}.Debug|Any CPU.Build.0 = Debug|Any CPU
		{5847CD80-64CF-46CF-A364-7FDEB04B2AC1}.Release|Any CPU.ActiveCfg = Release|Any CPU
		{5847CD80-64CF-46CF-A364-7FDEB04B2AC1}.Release|Any CPU.Build.0 = Release|Any CPU
	EndGlobalSection
	GlobalSection(SolutionProperties) = preSolution
		HideSolutionNode = FALSE
	EndGlobalSection
	GlobalSection(ExtensibilityGlobals) = postSolution
		SolutionGuid = {D6FF55CB-CE1A-49B5-AA14-4440A6F574E4}
	EndGlobalSection
EndGlobal
